<Solution>
  <Project Path="ShoppingCart.ConsoleApp/ShoppingCart.ConsoleApp.csproj" />
  <Project Path="ShoppingCart.Data/ShoppingCart.Data.csproj" />
  <Project Path="ShoppingCart.Models/ShoppingCart.Models.csproj" />
  <Project Path="ShoppingCart.Services/ShoppingCart.Services.csproj" />
  <Project Path="ShoppingCart.Tests/ShoppingCart.Tests.csproj" />
  <Project Path="ShoppingCart.Web/ShoppingCart.Web.csproj" />
</Solution>
